
Microsoft Visual Studio Solution File, Format Version 12.00
# Visual Studio Version 17
VisualStudioVersion = 17.3.32819.101
MinimumVisualStudioVersion = 10.0.40219.1
Project("{9A19103F-16F7-4668-BE54-9A1E7A4F7556}") = "AccountOwnerServer", "AccountOwnerServer\AccountOwnerServer.csproj", "{053467BD-5F99-4912-A65F-39D72E951003}"
EndProject
Project("{9A19103F-16F7-4668-BE54-9A1E7A4F7556}") = "Contracts", "Contracts\Contracts.csproj", "{9EAA8BF3-2E2C-4046-AB5C-E8907049B4F1}"
EndProject
Project("{9A19103F-16F7-4668-BE54-9A1E7A4F7556}") = "LoggerService", "LoggerService\LoggerService.csproj", "{A4A39613-3408-40EF-B866-292A4383D80C}"
EndProject
Project("{9A19103F-16F7-4668-BE54-9A1E7A4F7556}") = "Entities", "Entities\Entities.csproj", "{52D5A11B-2B3E-47D1-8516-9A8D5C237867}"
EndProject
Project("{FAE04EC0-301F-11D3-BF4B-00C04F79EFBC}") = "Repository", "Repository\Repository.csproj", "{D60E0F4C-D5C1-4B91-B60B-838AE9D0E2A2}"
EndProject
Global
	GlobalSection(SolutionConfigurationPlatforms) = preSolution
		Debug|Any CPU = Debug|Any CPU
		Release|Any CPU = Release|Any CPU
	EndGlobalSection
	GlobalSection(ProjectConfigurationPlatforms) = postSolution
		{053467BD-5F99-4912-A65F-39D72E951003}.Debug|Any CPU.ActiveCfg = Debug|Any CPU
		{053467BD-5F99-4912-A65F-39D72E951003}.Debug|Any CPU.Build.0 = Debug|Any CPU
		{053467BD-5F99-4912-A65F-39D72E951003}.Release|Any CPU.ActiveCfg = Release|Any CPU
		{053467BD-5F99-4912-A65F-39D72E951003}.Release|Any CPU.Build.0 = Release|Any CPU
		{9EAA8BF3-2E2C-4046-AB5C-E8907049B4F1}.Debug|Any CPU.ActiveCfg = Debug|Any CPU
		{9EAA8BF3-2E2C-4046-AB5C-E8907049B4F1}.Debug|Any CPU.Build.0 = Debug|Any CPU
		{9EAA8BF3-2E2C-4046-AB5C-E8907049B4F1}.Release|Any CPU.ActiveCfg = Release|Any CPU
		{9EAA8BF3-2E2C-4046-AB5C-E8907049B4F1}.Release|Any CPU.Build.0 = Release|Any CPU
		{A4A39613-3408-40EF-B866-292A4383D80C}.Debug|Any CPU.ActiveCfg = Debug|Any CPU
		{A4A39613-3408-40EF-B866-292A4383D80C}.Debug|Any CPU.Build.0 = Debug|Any CPU
		{A4A39613-3408-40EF-B866-292A4383D80C}.Release|Any CPU.ActiveCfg = Release|Any CPU
		{A4A39613-3408-40EF-B866-292A4383D80C}.Release|Any CPU.Build.0 = Release|Any CPU
		{52D5A11B-2B3E-47D1-8516-9A8D5C237867}.Debug|Any CPU.ActiveCfg = Debug|Any CPU
		{52D5A11B-2B3E-47D1-8516-9A8D5C237867}.Debug|Any CPU.Build.0 = Debug|Any CPU
		{52D5A11B-2B3E-47D1-8516-9A8D5C237867}.Release|Any CPU.ActiveCfg = Release|Any CPU
		{52D5A11B-2B3E-47D1-8516-9A8D5C237867}.Release|Any CPU.Build.0 = Release|Any CPU
		{D60E0F4C-D5C1-4B91-B60B-838AE9D0E2A2}.Debug|Any CPU.ActiveCfg = Debug|Any CPU
		{D60E0F4C-D5C1-4B91-B60B-838AE9D0E2A2}.Debug|Any CPU.Build.0 = Debug|Any CPU
		{D60E0F4C-D5C1-4B91-B60B-838AE9D0E2A2}.Release|Any CPU.ActiveCfg = Release|Any CPU
		{D60E0F4C-D5C1-4B91-B60B-838AE9D0E2A2}.Release|Any CPU.Build.0 = Release|Any CPU
	EndGlobalSection
	GlobalSection(SolutionProperties) = preSolution
		HideSolutionNode = FALSE
	EndGlobalSection
	GlobalSection(ExtensibilityGlobals) = postSolution
		SolutionGuid = {DDFF3CEC-98E6-4B36-95E1-641FCC17A0AA}
	EndGlobalSection
EndGlobal
